PODS:
  - Alamofire (4.0.1)
  - Anchorage (3.0.0)
  - BonMot (3.2):
    - BonMot/Core (= 3.2)
  - BonMot/Core (3.2)
  - Crashlytics (3.8.3):
    - Fabric (~> 1.6.3)
  - Fabric (1.6.10)
  - Instabug (6.0.2)
  - KeychainAccess (3.0.1)
  - Marshal (1.0.0)
  - OHHTTPStubs/Core (5.2.2)
  - OHHTTPStubs/Swift (5.2.2):
    - OHHTTPStubs/Core
  - SwiftGen (3.0.0)
  - Swiftilities (0.2.0):
    - Swiftilities/All (= 0.2.0)
  - Swiftilities/All (0.2.0):
    - Swiftilities/Keyboard
    - Swiftilities/Logging
    - Swiftilities/RootViewController
  - Swiftilities/Keyboard (0.2.0)
  - Swiftilities/Logging (0.2.0)
  - Swiftilities/RootViewController (0.2.0)

DEPENDENCIES:
  - Alamofire
  - Anchorage
  - BonMot
  - Crashlytics
  - Instabug
  - KeychainAccess
  - Marshal
  - OHHTTPStubs/Swift
  - SwiftGen
  - Swiftilities

SPEC CHECKSUMS:
  Alamofire: 7682d43245de14874acd142ec137b144aa1dd335
  Anchorage: 0b7244e31069ebc61a4e9611bc670feb7f24a3e2
  BonMot: 039d91a9f7e408ed21e8627bb093a926e34553e0
  Crashlytics: 2b6dbe138a42395577cfa73dfa1aa7248cadf39e
  Fabric: c73f371ee543e3f0b80608f2674750e4910d1669
  Instabug: c6a8970311a2ebb092c0bec8d425eb4d4d4b6ad3
  KeychainAccess: 017ea25e313a49eda10bb19b0bb0760fb1edfe1a
  Marshal: a3c5c5dbd388112edf3cdabb718f2b4cfe48658a
  OHHTTPStubs: 34d9d0994e64fcf8552dbfade5ce82ada913ee31
  SwiftGen: f679cd0ed4173a5da3b01efd0da23542bf82f6ab
  Swiftilities: d5ca3db4fdc6a289d6c4a909eb73409019cee3b9

PODFILE CHECKSUM: d25369776ca4d696d4d65d43410a3266a4924551

COCOAPODS: 1.1.1
