PODS:
  - Alamofire (4.7.1)
  - Anchorage (4.2.1)
  - BonMot (5.2)
  - Crashlytics (3.10.1):
    - Fabric (~> 1.7.5)
  - Fabric (1.7.6)
  - GoogleAnalytics (3.17.0)
  - Instabug (7.11.2):
    - Instabug/Instabug (= 7.11.2)
    - Instabug/InstabugCore (= 7.11.2)
  - Instabug/Instabug (7.11.2):
    - Instabug/InstabugCore
  - Instabug/InstabugCore (7.11.2)
  - KeychainAccess (3.1.0)
  - Marshal (1.2.4)
  - OHHTTPStubs/Core (6.1.0)
  - OHHTTPStubs/Default (6.1.0):
    - OHHTTPStubs/Core
    - OHHTTPStubs/JSON
    - OHHTTPStubs/NSURLSession
    - OHHTTPStubs/OHPathHelpers
  - OHHTTPStubs/JSON (6.1.0):
    - OHHTTPStubs/Core
  - OHHTTPStubs/NSURLSession (6.1.0):
    - OHHTTPStubs/Core
  - OHHTTPStubs/OHPathHelpers (6.1.0)
  - OHHTTPStubs/Swift (6.1.0):
    - OHHTTPStubs/Default
  - Sourcery (0.12.0)
  - SwiftGen (5.3.0)
  - Swiftilities (0.17.0):
    - Swiftilities/All (= 0.17.0)
  - Swiftilities/AboutView (0.17.0)
  - Swiftilities/AccessibilityHelpers (0.17.0)
  - Swiftilities/Acknowledgements (0.17.0):
    - Swiftilities/Deselection
    - Swiftilities/LicenseFormatter
  - Swiftilities/All (0.17.0):
    - Swiftilities/AboutView
    - Swiftilities/AccessibilityHelpers
    - Swiftilities/Acknowledgements
    - Swiftilities/BetterButton
    - Swiftilities/ColorHelpers
    - Swiftilities/CoreDataStack
    - Swiftilities/Deselection
    - Swiftilities/DeviceSize
    - Swiftilities/FormattedTextField
    - Swiftilities/Forms
    - Swiftilities/HairlineView
    - Swiftilities/ImageHelpers
    - Swiftilities/Keyboard
    - Swiftilities/LicenseFormatter
    - Swiftilities/Lifecycle
    - Swiftilities/Logging
    - Swiftilities/Math
    - Swiftilities/RootViewController
    - Swiftilities/Shapes
    - Swiftilities/StackViewHelpers
    - Swiftilities/TableViewHelpers
    - Swiftilities/TintedButton
    - Swiftilities/Views
  - Swiftilities/BetterButton (0.17.0):
    - Swiftilities/ColorHelpers
    - Swiftilities/ImageHelpers
    - Swiftilities/Math
    - Swiftilities/Shapes
  - Swiftilities/ColorHelpers (0.17.0)
  - Swiftilities/CoreDataStack (0.17.0)
  - Swiftilities/Deselection (0.17.0)
  - Swiftilities/DeviceSize (0.17.0)
  - Swiftilities/FormattedTextField (0.17.0)
  - Swiftilities/Forms (0.17.0)
  - Swiftilities/HairlineView (0.17.0)
  - Swiftilities/ImageHelpers (0.17.0)
  - Swiftilities/Keyboard (0.17.0)
  - Swiftilities/LicenseFormatter (0.17.0)
  - Swiftilities/Lifecycle (0.17.0):
    - Swiftilities/HairlineView
    - Swiftilities/Math
  - Swiftilities/Logging (0.17.0)
  - Swiftilities/Math (0.17.0)
  - Swiftilities/RootViewController (0.17.0)
  - Swiftilities/Shapes (0.17.0)
  - Swiftilities/StackViewHelpers (0.17.0)
  - Swiftilities/TableViewHelpers (0.17.0)
  - Swiftilities/TintedButton (0.17.0)
  - Swiftilities/Views (0.17.0)
  - SwiftLint (0.25.0)

DEPENDENCIES:
  - Alamofire
  - Anchorage
  - BonMot
  - Crashlytics
  - GoogleAnalytics (~> 3.0)
  - Instabug
  - KeychainAccess
  - Marshal
  - OHHTTPStubs/Swift
  - Sourcery (~> 0.12.0)
  - SwiftGen
  - Swiftilities
  - SwiftLint

SPEC REPOS:
  https://github.com/CocoaPods/Specs.git:
    - Alamofire
    - Anchorage
    - BonMot
    - Crashlytics
    - Fabric
    - GoogleAnalytics
    - Instabug
    - KeychainAccess
    - Marshal
    - OHHTTPStubs
    - Sourcery
    - SwiftGen
    - Swiftilities
    - SwiftLint

SPEC CHECKSUMS:
  Alamofire: 68d7d521118d49c615a8d2214d87cdf525599d30
  Anchorage: f4dbf32771115b8ef9c9cc4e55a002ad87711f48
  BonMot: 68da0bd7c2f602aca85511bedabd211eb0fae666
  Crashlytics: aee1a064cbbf99b32efa3f056a5f458d846bc8ff
  Fabric: f8d42c893bb187326a7968b62abe55c36a987a46
  GoogleAnalytics: f42cc53a87a51fe94334821868d9c8481ff47a7b
  Instabug: 3544cf0d0481af01f659ae50dbe426e5d86c5479
  KeychainAccess: 94c5540b32eabf7bc32bfb976a268e8ea05fd6da
  Marshal: 8e04e6624e506921db7143b0bfd83caee03f32d6
  OHHTTPStubs: 1e21c7d2c084b8153fc53d48400d8919d2d432d0
  Sourcery: 10fa92cd8890864856ee3657ca460d597ebc064b
  SwiftGen: 4379bd3640b0a212a0f6ea3c494adba385513d10
  Swiftilities: 38a1e58d290e1a70f3ad345ccb2e2e0556375540
  SwiftLint: e14651157288e9e01d6e1a71db7014fb5744a8ea

PODFILE CHECKSUM: bf26b843d3e3993f89dcd24caa3ecd97eace03c8

COCOAPODS: 1.5.0
