PODS:
  - Alamofire (4.7.3)
  - Anchorage (4.3)
  - BonMot (5.3)
  - Crashlytics (3.10.9):
    - Fabric (~> 1.7.13)
  - Fabric (1.7.13)
  - GoogleAnalytics (3.17.0)
  - Instabug (8.0.15)
  - KeychainAccess (3.1.2)
  - Marshal (1.2.7)
  - OHHTTPStubs/Core (6.1.0)
  - OHHTTPStubs/Default (6.1.0):
    - OHHTTPStubs/Core
    - OHHTTPStubs/JSON
    - OHHTTPStubs/NSURLSession
    - OHHTTPStubs/OHPathHelpers
  - OHHTTPStubs/JSON (6.1.0):
    - OHHTTPStubs/Core
  - OHHTTPStubs/NSURLSession (6.1.0):
    - OHHTTPStubs/Core
  - OHHTTPStubs/OHPathHelpers (6.1.0)
  - OHHTTPStubs/Swift (6.1.0):
    - OHHTTPStubs/Default
  - SimulatorStatusMagic (2.3)
  - Sourcery (0.15.0)
  - SwiftGen (6.0.2)
  - Swiftilities (0.20.0):
    - Swiftilities/All (= 0.20.0)
  - Swiftilities/AboutView (0.20.0)
  - Swiftilities/AccessibilityHelpers (0.20.0)
  - Swiftilities/Acknowledgements (0.20.0):
    - Swiftilities/Compatibility
    - Swiftilities/Deselection
    - Swiftilities/LicenseFormatter
  - Swiftilities/All (0.20.0):
    - Swiftilities/AboutView
    - Swiftilities/AccessibilityHelpers
    - Swiftilities/Acknowledgements
    - Swiftilities/BetterButton
    - Swiftilities/ColorHelpers
    - Swiftilities/Compatibility
    - Swiftilities/CoreDataStack
    - Swiftilities/Deselection
    - Swiftilities/DeviceSize
    - Swiftilities/FormattedTextField
    - Swiftilities/Forms
    - Swiftilities/HairlineView
    - Swiftilities/ImageHelpers
    - Swiftilities/Keyboard
    - Swiftilities/LicenseFormatter
    - Swiftilities/Lifecycle
    - Swiftilities/Logging
    - Swiftilities/Math
    - Swiftilities/RootViewController
    - Swiftilities/Shapes
    - Swiftilities/StackViewHelpers
    - Swiftilities/TableViewHelpers
    - Swiftilities/TintedButton
    - Swiftilities/Views
  - Swiftilities/BetterButton (0.20.0):
    - Swiftilities/ColorHelpers
    - Swiftilities/ImageHelpers
    - Swiftilities/Math
    - Swiftilities/Shapes
  - Swiftilities/ColorHelpers (0.20.0)
  - Swiftilities/Compatibility (0.20.0)
  - Swiftilities/CoreDataStack (0.20.0)
  - Swiftilities/Deselection (0.20.0)
  - Swiftilities/DeviceSize (0.20.0)
  - Swiftilities/FormattedTextField (0.20.0)
  - Swiftilities/Forms (0.20.0)
  - Swiftilities/HairlineView (0.20.0)
  - Swiftilities/ImageHelpers (0.20.0)
  - Swiftilities/Keyboard (0.20.0)
  - Swiftilities/LicenseFormatter (0.20.0)
  - Swiftilities/Lifecycle (0.20.0):
    - Swiftilities/HairlineView
    - Swiftilities/Math
  - Swiftilities/Logging (0.20.0)
  - Swiftilities/Math (0.20.0)
  - Swiftilities/RootViewController (0.20.0)
  - Swiftilities/Shapes (0.20.0)
  - Swiftilities/StackViewHelpers (0.20.0)
  - Swiftilities/TableViewHelpers (0.20.0)
  - Swiftilities/TintedButton (0.20.0)
  - Swiftilities/Views (0.20.0)
  - SwiftLint (0.27.0)

DEPENDENCIES:
  - Alamofire
  - Anchorage
  - BonMot
  - Crashlytics
  - GoogleAnalytics (~> 3.0)
  - Instabug
  - KeychainAccess
  - Marshal
  - OHHTTPStubs/Swift
  - SimulatorStatusMagic
  - Sourcery (~> 0.15.0)
  - SwiftGen
  - Swiftilities
  - SwiftLint

SPEC REPOS:
  https://github.com/cocoapods/specs.git:
    - Alamofire
    - Anchorage
    - BonMot
    - Crashlytics
    - Fabric
    - GoogleAnalytics
    - Instabug
    - KeychainAccess
    - Marshal
    - OHHTTPStubs
    - SimulatorStatusMagic
    - Sourcery
    - SwiftGen
    - Swiftilities
    - SwiftLint

SPEC CHECKSUMS:
  Alamofire: c7287b6e5d7da964a70935e5db17046b7fde6568
  Anchorage: 21a98675245188427f0bcea21404d42a824a766f
  BonMot: 0104d1b4eda54f4a4b7393d6559539ef25498fbd
  Crashlytics: 55e24fc23989680285a21cb1146578d9d18e432c
  Fabric: 25d0963b691fc97be566392243ff0ecef5a68338
  GoogleAnalytics: f42cc53a87a51fe94334821868d9c8481ff47a7b
  Instabug: 1f26cca29ec1fc49ba7dffbc5533734c14f8c28d
  KeychainAccess: b3816fddcf28aa29d94b10ec305cd52be14c472b
  Marshal: ef480864a6af10a63f67be7e55bb5d8fe67a16d9
  OHHTTPStubs: 1e21c7d2c084b8153fc53d48400d8919d2d432d0
  SimulatorStatusMagic: 631fe6e4195a8a8d587ad8744af9015126526cc2
  Sourcery: 5895672cae353cdbfa95f3f4aaeb75a664d76f6a
  SwiftGen: e5b047067aa84082826a0c4f1c4c2ddc95bcf74c
  Swiftilities: 03f8267eef129cbea588364a8ee4cd786ebe9de4
  SwiftLint: 3207c1faa2240bf8973b191820a116113cd11073

PODFILE CHECKSUM: b41b08dd08855d355d5efcddddf69712c8ddbce4

COCOAPODS: 1.6.0.beta.1
